// !$*UTF8*$!
{
	archiveVersion = 1;
	classes = {
	};
	objectVersion = 51;
	objects = {

/* Begin PBXBuildFile section */
		0D0F2B3625C083160005034B /* AppDelegate.swift in Sources */ = {isa = PBXBuildFile; fileRef = 0D0F2B3525C083160005034B /* AppDelegate.swift */; };
		0D0F2B3825C083160005034B /* SceneDelegate.swift in Sources */ = {isa = PBXBuildFile; fileRef = 0D0F2B3725C083160005034B /* SceneDelegate.swift */; };
		0D0F2B3A25C083160005034B /* ViewController.swift in Sources */ = {isa = PBXBuildFile; fileRef = 0D0F2B3925C083160005034B /* ViewController.swift */; };
		0D0F2B3D25C083160005034B /* Main.storyboard in Resources */ = {isa = PBXBuildFile; fileRef = 0D0F2B3B25C083160005034B /* Main.storyboard */; };
		0D0F2B3F25C0831A0005034B /* Assets.xcassets in Resources */ = {isa = PBXBuildFile; fileRef = 0D0F2B3E25C0831A0005034B /* Assets.xcassets */; };
		0D0F2B4225C0831A0005034B /* LaunchScreen.storyboard in Resources */ = {isa = PBXBuildFile; fileRef = 0D0F2B4025C0831A0005034B /* LaunchScreen.storyboard */; };
		0D0F2B4D25C0831B0005034B /* WagChatTests.swift in Sources */ = {isa = PBXBuildFile; fileRef = 0D0F2B4C25C0831B0005034B /* WagChatTests.swift */; };
		0D0F2B5825C0831B0005034B /* WagChatUITests.swift in Sources */ = {isa = PBXBuildFile; fileRef = 0D0F2B5725C0831B0005034B /* WagChatUITests.swift */; };
		0D0F2B6925C08FA30005034B /* SignUpViewController.swift in Sources */ = {isa = PBXBuildFile; fileRef = 0D0F2B6825C08FA30005034B /* SignUpViewController.swift */; };
		0D0F2B6E25C08FBE0005034B /* LogInViewController.swift in Sources */ = {isa = PBXBuildFile; fileRef = 0D0F2B6D25C08FBE0005034B /* LogInViewController.swift */; };
		0D0F2B7325C08FCE0005034B /* HomeViewController.swift in Sources */ = {isa = PBXBuildFile; fileRef = 0D0F2B7225C08FCE0005034B /* HomeViewController.swift */; };
		0D0F2BE125C0D8400005034B /* GoogleService-Info.plist in Resources */ = {isa = PBXBuildFile; fileRef = 0D0F2BE025C0D8400005034B /* GoogleService-Info.plist */; };
		0D0F2BE525C0D8C60005034B /* GoogleService-Info.plist in Resources */ = {isa = PBXBuildFile; fileRef = 0D0F2BE025C0D8400005034B /* GoogleService-Info.plist */; };
		0D0F2BE925C0D8C70005034B /* GoogleService-Info.plist in Resources */ = {isa = PBXBuildFile; fileRef = 0D0F2BE025C0D8400005034B /* GoogleService-Info.plist */; };
		0D0F2BF125C0DF380005034B /* Constants.swift in Sources */ = {isa = PBXBuildFile; fileRef = 0D0F2BF025C0DF380005034B /* Constants.swift */; };
		0D0F2C4125C114560005034B /* Utilities.swift in Sources */ = {isa = PBXBuildFile; fileRef = 0D0F2C4025C114560005034B /* Utilities.swift */; };
		0D0F2C6625C34C990005034B /* ProfileViewController.swift in Sources */ = {isa = PBXBuildFile; fileRef = 0D0F2C6525C34C990005034B /* ProfileViewController.swift */; };
		0D0F2C7125C3A7840005034B /* ChatsViewController.swift in Sources */ = {isa = PBXBuildFile; fileRef = 0D0F2C7025C3A7840005034B /* ChatsViewController.swift */; };
		0D0F2C9425C4B2240005034B /* ChatViewController.swift in Sources */ = {isa = PBXBuildFile; fileRef = 0D0F2C9325C4B2230005034B /* ChatViewController.swift */; };
		0D0F2C9925C4B24E0005034B /* Message.swift in Sources */ = {isa = PBXBuildFile; fileRef = 0D0F2C9825C4B24E0005034B /* Message.swift */; };
		0D0F2C9E25C4B26A0005034B /* Chat.swift in Sources */ = {isa = PBXBuildFile; fileRef = 0D0F2C9D25C4B26A0005034B /* Chat.swift */; };
		63559828494339F063E7B0B0 /* Pods_WagChatTests.framework in Frameworks */ = {isa = PBXBuildFile; fileRef = 598E87DE4348357904E75103 /* Pods_WagChatTests.framework */; };
		8A52816B55F51F68C4E36DA4 /* Pods_WagChat.framework in Frameworks */ = {isa = PBXBuildFile; fileRef = FE3F77094969178938715844 /* Pods_WagChat.framework */; };
		CBB7ED599E611848C21FD258 /* Pods_WagChat_WagChatUITests.framework in Frameworks */ = {isa = PBXBuildFile; fileRef = 03D3C44DF0A26141AA87E544 /* Pods_WagChat_WagChatUITests.framework */; };
/* End PBXBuildFile section */

/* Begin PBXContainerItemProxy section */
		0D0F2B4925C0831B0005034B /* PBXContainerItemProxy */ = {
			isa = PBXContainerItemProxy;
			containerPortal = 0D0F2B2A25C083160005034B /* Project object */;
			proxyType = 1;
			remoteGlobalIDString = 0D0F2B3125C083160005034B;
			remoteInfo = WagChat;
		};
		0D0F2B5425C0831B0005034B /* PBXContainerItemProxy */ = {
			isa = PBXContainerItemProxy;
			containerPortal = 0D0F2B2A25C083160005034B /* Project object */;
			proxyType = 1;
			remoteGlobalIDString = 0D0F2B3125C083160005034B;
			remoteInfo = WagChat;
		};
/* End PBXContainerItemProxy section */

/* Begin PBXFileReference section */
		03D3C44DF0A26141AA87E544 /* Pods_WagChat_WagChatUITests.framework */ = {isa = PBXFileReference; explicitFileType = wrapper.framework; includeInIndex = 0; path = Pods_WagChat_WagChatUITests.framework; sourceTree = BUILT_PRODUCTS_DIR; };
		0D0F2B3225C083160005034B /* WagChat.app */ = {isa = PBXFileReference; explicitFileType = wrapper.application; includeInIndex = 0; path = WagChat.app; sourceTree = BUILT_PRODUCTS_DIR; };
		0D0F2B3525C083160005034B /* AppDelegate.swift */ = {isa = PBXFileReference; lastKnownFileType = sourcecode.swift; path = AppDelegate.swift; sourceTree = "<group>"; };
		0D0F2B3725C083160005034B /* SceneDelegate.swift */ = {isa = PBXFileReference; lastKnownFileType = sourcecode.swift; path = SceneDelegate.swift; sourceTree = "<group>"; };
		0D0F2B3925C083160005034B /* ViewController.swift */ = {isa = PBXFileReference; lastKnownFileType = sourcecode.swift; path = ViewController.swift; sourceTree = "<group>"; };
		0D0F2B3C25C083160005034B /* Base */ = {isa = PBXFileReference; lastKnownFileType = file.storyboard; name = Base; path = Base.lproj/Main.storyboard; sourceTree = "<group>"; };
		0D0F2B3E25C0831A0005034B /* Assets.xcassets */ = {isa = PBXFileReference; lastKnownFileType = folder.assetcatalog; path = Assets.xcassets; sourceTree = "<group>"; };
		0D0F2B4125C0831A0005034B /* Base */ = {isa = PBXFileReference; lastKnownFileType = file.storyboard; name = Base; path = Base.lproj/LaunchScreen.storyboard; sourceTree = "<group>"; };
		0D0F2B4325C0831A0005034B /* Info.plist */ = {isa = PBXFileReference; lastKnownFileType = text.plist.xml; path = Info.plist; sourceTree = "<group>"; };
		0D0F2B4825C0831B0005034B /* WagChatTests.xctest */ = {isa = PBXFileReference; explicitFileType = wrapper.cfbundle; includeInIndex = 0; path = WagChatTests.xctest; sourceTree = BUILT_PRODUCTS_DIR; };
		0D0F2B4C25C0831B0005034B /* WagChatTests.swift */ = {isa = PBXFileReference; lastKnownFileType = sourcecode.swift; path = WagChatTests.swift; sourceTree = "<group>"; };
		0D0F2B4E25C0831B0005034B /* Info.plist */ = {isa = PBXFileReference; lastKnownFileType = text.plist.xml; path = Info.plist; sourceTree = "<group>"; };
		0D0F2B5325C0831B0005034B /* WagChatUITests.xctest */ = {isa = PBXFileReference; explicitFileType = wrapper.cfbundle; includeInIndex = 0; path = WagChatUITests.xctest; sourceTree = BUILT_PRODUCTS_DIR; };
		0D0F2B5725C0831B0005034B /* WagChatUITests.swift */ = {isa = PBXFileReference; lastKnownFileType = sourcecode.swift; path = WagChatUITests.swift; sourceTree = "<group>"; };
		0D0F2B5925C0831B0005034B /* Info.plist */ = {isa = PBXFileReference; lastKnownFileType = text.plist.xml; path = Info.plist; sourceTree = "<group>"; };
		0D0F2B6825C08FA30005034B /* SignUpViewController.swift */ = {isa = PBXFileReference; lastKnownFileType = sourcecode.swift; path = SignUpViewController.swift; sourceTree = "<group>"; };
		0D0F2B6D25C08FBE0005034B /* LogInViewController.swift */ = {isa = PBXFileReference; lastKnownFileType = sourcecode.swift; path = LogInViewController.swift; sourceTree = "<group>"; };
		0D0F2B7225C08FCE0005034B /* HomeViewController.swift */ = {isa = PBXFileReference; lastKnownFileType = sourcecode.swift; path = HomeViewController.swift; sourceTree = "<group>"; };
		0D0F2BE025C0D8400005034B /* GoogleService-Info.plist */ = {isa = PBXFileReference; fileEncoding = 4; lastKnownFileType = text.plist.xml; path = "GoogleService-Info.plist"; sourceTree = "<group>"; };
		0D0F2BF025C0DF380005034B /* Constants.swift */ = {isa = PBXFileReference; lastKnownFileType = sourcecode.swift; path = Constants.swift; sourceTree = "<group>"; };
		0D0F2C4025C114560005034B /* Utilities.swift */ = {isa = PBXFileReference; lastKnownFileType = sourcecode.swift; path = Utilities.swift; sourceTree = "<group>"; };
		0D0F2C6525C34C990005034B /* ProfileViewController.swift */ = {isa = PBXFileReference; lastKnownFileType = sourcecode.swift; path = ProfileViewController.swift; sourceTree = "<group>"; };
		0D0F2C7025C3A7840005034B /* ChatsViewController.swift */ = {isa = PBXFileReference; lastKnownFileType = sourcecode.swift; path = ChatsViewController.swift; sourceTree = "<group>"; };
		0D0F2C9325C4B2230005034B /* ChatViewController.swift */ = {isa = PBXFileReference; lastKnownFileType = sourcecode.swift; path = ChatViewController.swift; sourceTree = "<group>"; };
		0D0F2C9825C4B24E0005034B /* Message.swift */ = {isa = PBXFileReference; lastKnownFileType = sourcecode.swift; path = Message.swift; sourceTree = "<group>"; };
		0D0F2C9D25C4B26A0005034B /* Chat.swift */ = {isa = PBXFileReference; lastKnownFileType = sourcecode.swift; path = Chat.swift; sourceTree = "<group>"; };
		598E87DE4348357904E75103 /* Pods_WagChatTests.framework */ = {isa = PBXFileReference; explicitFileType = wrapper.framework; includeInIndex = 0; path = Pods_WagChatTests.framework; sourceTree = BUILT_PRODUCTS_DIR; };
		6150E9242B2C7D9CD7897DA7 /* Pods-WagChat.release.xcconfig */ = {isa = PBXFileReference; includeInIndex = 1; lastKnownFileType = text.xcconfig; name = "Pods-WagChat.release.xcconfig"; path = "Target Support Files/Pods-WagChat/Pods-WagChat.release.xcconfig"; sourceTree = "<group>"; };
		8156C62A4604983120AEC266 /* Pods-WagChat-WagChatUITests.release.xcconfig */ = {isa = PBXFileReference; includeInIndex = 1; lastKnownFileType = text.xcconfig; name = "Pods-WagChat-WagChatUITests.release.xcconfig"; path = "Target Support Files/Pods-WagChat-WagChatUITests/Pods-WagChat-WagChatUITests.release.xcconfig"; sourceTree = "<group>"; };
		92F435ED2360D1578EA2AD4C /* Pods-WagChatTests.release.xcconfig */ = {isa = PBXFileReference; includeInIndex = 1; lastKnownFileType = text.xcconfig; name = "Pods-WagChatTests.release.xcconfig"; path = "Target Support Files/Pods-WagChatTests/Pods-WagChatTests.release.xcconfig"; sourceTree = "<group>"; };
		9A762D282AADE080AC4ACC69 /* Pods-WagChat.debug.xcconfig */ = {isa = PBXFileReference; includeInIndex = 1; lastKnownFileType = text.xcconfig; name = "Pods-WagChat.debug.xcconfig"; path = "Target Support Files/Pods-WagChat/Pods-WagChat.debug.xcconfig"; sourceTree = "<group>"; };
		ED81A690D8D33F372122D7A3 /* Pods-WagChat-WagChatUITests.debug.xcconfig */ = {isa = PBXFileReference; includeInIndex = 1; lastKnownFileType = text.xcconfig; name = "Pods-WagChat-WagChatUITests.debug.xcconfig"; path = "Target Support Files/Pods-WagChat-WagChatUITests/Pods-WagChat-WagChatUITests.debug.xcconfig"; sourceTree = "<group>"; };
		F06910C81583AF615B4A1BDB /* Pods-WagChatTests.debug.xcconfig */ = {isa = PBXFileReference; includeInIndex = 1; lastKnownFileType = text.xcconfig; name = "Pods-WagChatTests.debug.xcconfig"; path = "Target Support Files/Pods-WagChatTests/Pods-WagChatTests.debug.xcconfig"; sourceTree = "<group>"; };
		FE3F77094969178938715844 /* Pods_WagChat.framework */ = {isa = PBXFileReference; explicitFileType = wrapper.framework; includeInIndex = 0; path = Pods_WagChat.framework; sourceTree = BUILT_PRODUCTS_DIR; };
/* End PBXFileReference section */

/* Begin PBXFrameworksBuildPhase section */
		0D0F2B2F25C083160005034B /* Frameworks */ = {
			isa = PBXFrameworksBuildPhase;
			buildActionMask = 2147483647;
			files = (
				8A52816B55F51F68C4E36DA4 /* Pods_WagChat.framework in Frameworks */,
			);
			runOnlyForDeploymentPostprocessing = 0;
		};
		0D0F2B4525C0831B0005034B /* Frameworks */ = {
			isa = PBXFrameworksBuildPhase;
			buildActionMask = 2147483647;
			files = (
				63559828494339F063E7B0B0 /* Pods_WagChatTests.framework in Frameworks */,
			);
			runOnlyForDeploymentPostprocessing = 0;
		};
		0D0F2B5025C0831B0005034B /* Frameworks */ = {
			isa = PBXFrameworksBuildPhase;
			buildActionMask = 2147483647;
			files = (
				CBB7ED599E611848C21FD258 /* Pods_WagChat_WagChatUITests.framework in Frameworks */,
			);
			runOnlyForDeploymentPostprocessing = 0;
		};
/* End PBXFrameworksBuildPhase section */

/* Begin PBXGroup section */
		0D0F2B2925C083160005034B = {
			isa = PBXGroup;
			children = (
				0D0F2B4B25C0831B0005034B /* WagChatTests */,
				0D0F2B3425C083160005034B /* WagChat */,
				0D0F2B5625C0831B0005034B /* WagChatUITests */,
				0D0F2B3325C083160005034B /* Products */,
				BE7EBD44F273C3C70B3346DE /* Pods */,
				A6882EA72DF169DB2063E1C6 /* Frameworks */,
			);
			sourceTree = "<group>";
		};
		0D0F2B3325C083160005034B /* Products */ = {
			isa = PBXGroup;
			children = (
				0D0F2B3225C083160005034B /* WagChat.app */,
				0D0F2B4825C0831B0005034B /* WagChatTests.xctest */,
				0D0F2B5325C0831B0005034B /* WagChatUITests.xctest */,
			);
			name = Products;
			sourceTree = "<group>";
		};
		0D0F2B3425C083160005034B /* WagChat */ = {
			isa = PBXGroup;
			children = (
				0D0F2BE025C0D8400005034B /* GoogleService-Info.plist */,
				0D0F2B7E25C09EDA0005034B /* Helpers */,
				0D0F2B7725C08FEF0005034B /* View Controllers */,
				0D0F2B3525C083160005034B /* AppDelegate.swift */,
				0D0F2B3725C083160005034B /* SceneDelegate.swift */,
				0D0F2B3B25C083160005034B /* Main.storyboard */,
				0D0F2B3E25C0831A0005034B /* Assets.xcassets */,
				0D0F2B4025C0831A0005034B /* LaunchScreen.storyboard */,
				0D0F2B4325C0831A0005034B /* Info.plist */,
				0D0F2C9825C4B24E0005034B /* Message.swift */,
				0D0F2C9D25C4B26A0005034B /* Chat.swift */,
			);
			path = WagChat;
			sourceTree = "<group>";
		};
		0D0F2B4B25C0831B0005034B /* WagChatTests */ = {
			isa = PBXGroup;
			children = (
				0D0F2B4C25C0831B0005034B /* WagChatTests.swift */,
				0D0F2B4E25C0831B0005034B /* Info.plist */,
			);
			path = WagChatTests;
			sourceTree = "<group>";
		};
		0D0F2B5625C0831B0005034B /* WagChatUITests */ = {
			isa = PBXGroup;
			children = (
				0D0F2B5725C0831B0005034B /* WagChatUITests.swift */,
				0D0F2B5925C0831B0005034B /* Info.plist */,
			);
			path = WagChatUITests;
			sourceTree = "<group>";
		};
		0D0F2B7725C08FEF0005034B /* View Controllers */ = {
			isa = PBXGroup;
			children = (
				0D0F2B6825C08FA30005034B /* SignUpViewController.swift */,
				0D0F2B6D25C08FBE0005034B /* LogInViewController.swift */,
				0D0F2B7225C08FCE0005034B /* HomeViewController.swift */,
				0D0F2B3925C083160005034B /* ViewController.swift */,
				0D0F2C6525C34C990005034B /* ProfileViewController.swift */,
				0D0F2C7025C3A7840005034B /* ChatsViewController.swift */,
				0D0F2C9325C4B2230005034B /* ChatViewController.swift */,
			);
			path = "View Controllers";
			sourceTree = "<group>";
		};
		0D0F2B7E25C09EDA0005034B /* Helpers */ = {
			isa = PBXGroup;
			children = (
				0D0F2BF025C0DF380005034B /* Constants.swift */,
				0D0F2C4025C114560005034B /* Utilities.swift */,
			);
			path = Helpers;
			sourceTree = "<group>";
		};
		A6882EA72DF169DB2063E1C6 /* Frameworks */ = {
			isa = PBXGroup;
			children = (
				FE3F77094969178938715844 /* Pods_WagChat.framework */,
				03D3C44DF0A26141AA87E544 /* Pods_WagChat_WagChatUITests.framework */,
				598E87DE4348357904E75103 /* Pods_WagChatTests.framework */,
			);
			name = Frameworks;
			sourceTree = "<group>";
		};
		BE7EBD44F273C3C70B3346DE /* Pods */ = {
			isa = PBXGroup;
			children = (
				9A762D282AADE080AC4ACC69 /* Pods-WagChat.debug.xcconfig */,
				6150E9242B2C7D9CD7897DA7 /* Pods-WagChat.release.xcconfig */,
				ED81A690D8D33F372122D7A3 /* Pods-WagChat-WagChatUITests.debug.xcconfig */,
				8156C62A4604983120AEC266 /* Pods-WagChat-WagChatUITests.release.xcconfig */,
				F06910C81583AF615B4A1BDB /* Pods-WagChatTests.debug.xcconfig */,
				92F435ED2360D1578EA2AD4C /* Pods-WagChatTests.release.xcconfig */,
			);
			path = Pods;
			sourceTree = "<group>";
		};
/* End PBXGroup section */

/* Begin PBXNativeTarget section */
		0D0F2B3125C083160005034B /* WagChat */ = {
			isa = PBXNativeTarget;
			buildConfigurationList = 0D0F2B5C25C0831B0005034B /* Build configuration list for PBXNativeTarget "WagChat" */;
			buildPhases = (
				5CC4C37E64C18CEE65CF7600 /* [CP] Check Pods Manifest.lock */,
				0D0F2B2E25C083160005034B /* Sources */,
				0D0F2B2F25C083160005034B /* Frameworks */,
				0D0F2B3025C083160005034B /* Resources */,
				D52F1B2E7EA8F4E11ADAECB5 /* [CP] Embed Pods Frameworks */,
			);
			buildRules = (
			);
			dependencies = (
			);
			name = WagChat;
			productName = WagChat;
			productReference = 0D0F2B3225C083160005034B /* WagChat.app */;
			productType = "com.apple.product-type.application";
		};
		0D0F2B4725C0831B0005034B /* WagChatTests */ = {
			isa = PBXNativeTarget;
			buildConfigurationList = 0D0F2B5F25C0831B0005034B /* Build configuration list for PBXNativeTarget "WagChatTests" */;
			buildPhases = (
				F4B44FFF146E5A8299D0B30E /* [CP] Check Pods Manifest.lock */,
				0D0F2B4425C0831B0005034B /* Sources */,
				0D0F2B4525C0831B0005034B /* Frameworks */,
				0D0F2B4625C0831B0005034B /* Resources */,
			);
			buildRules = (
			);
			dependencies = (
				0D0F2B4A25C0831B0005034B /* PBXTargetDependency */,
			);
			name = WagChatTests;
			productName = WagChatTests;
			productReference = 0D0F2B4825C0831B0005034B /* WagChatTests.xctest */;
			productType = "com.apple.product-type.bundle.unit-test";
		};
		0D0F2B5225C0831B0005034B /* WagChatUITests */ = {
			isa = PBXNativeTarget;
			buildConfigurationList = 0D0F2B6225C0831B0005034B /* Build configuration list for PBXNativeTarget "WagChatUITests" */;
			buildPhases = (
				0CD6F05722AAC2D1E4F88A99 /* [CP] Check Pods Manifest.lock */,
				0D0F2B4F25C0831B0005034B /* Sources */,
				0D0F2B5025C0831B0005034B /* Frameworks */,
				0D0F2B5125C0831B0005034B /* Resources */,
				734F27A673026B0D3BB02E2F /* [CP] Embed Pods Frameworks */,
			);
			buildRules = (
			);
			dependencies = (
				0D0F2B5525C0831B0005034B /* PBXTargetDependency */,
			);
			name = WagChatUITests;
			productName = WagChatUITests;
			productReference = 0D0F2B5325C0831B0005034B /* WagChatUITests.xctest */;
			productType = "com.apple.product-type.bundle.ui-testing";
		};
/* End PBXNativeTarget section */

/* Begin PBXProject section */
		0D0F2B2A25C083160005034B /* Project object */ = {
			isa = PBXProject;
			attributes = {
				LastSwiftUpdateCheck = 1230;
				LastUpgradeCheck = 1230;
				TargetAttributes = {
					0D0F2B3125C083160005034B = {
						CreatedOnToolsVersion = 12.3;
					};
					0D0F2B4725C0831B0005034B = {
						CreatedOnToolsVersion = 12.3;
						TestTargetID = 0D0F2B3125C083160005034B;
					};
					0D0F2B5225C0831B0005034B = {
						CreatedOnToolsVersion = 12.3;
						TestTargetID = 0D0F2B3125C083160005034B;
					};
				};
			};
			buildConfigurationList = 0D0F2B2D25C083160005034B /* Build configuration list for PBXProject "WagChat" */;
			compatibilityVersion = "Xcode 9.3";
			developmentRegion = en;
			hasScannedForEncodings = 0;
			knownRegions = (
				en,
				Base,
			);
			mainGroup = 0D0F2B2925C083160005034B;
			productRefGroup = 0D0F2B3325C083160005034B /* Products */;
			projectDirPath = "";
			projectRoot = "";
			targets = (
				0D0F2B3125C083160005034B /* WagChat */,
				0D0F2B4725C0831B0005034B /* WagChatTests */,
				0D0F2B5225C0831B0005034B /* WagChatUITests */,
			);
		};
/* End PBXProject section */

/* Begin PBXResourcesBuildPhase section */
		0D0F2B3025C083160005034B /* Resources */ = {
			isa = PBXResourcesBuildPhase;
			buildActionMask = 2147483647;
			files = (
				0D0F2B4225C0831A0005034B /* LaunchScreen.storyboard in Resources */,
				0D0F2B3F25C0831A0005034B /* Assets.xcassets in Resources */,
				0D0F2B3D25C083160005034B /* Main.storyboard in Resources */,
				0D0F2BE125C0D8400005034B /* GoogleService-Info.plist in Resources */,
			);
			runOnlyForDeploymentPostprocessing = 0;
		};
		0D0F2B4625C0831B0005034B /* Resources */ = {
			isa = PBXResourcesBuildPhase;
			buildActionMask = 2147483647;
			files = (
				0D0F2BE525C0D8C60005034B /* GoogleService-Info.plist in Resources */,
			);
			runOnlyForDeploymentPostprocessing = 0;
		};
		0D0F2B5125C0831B0005034B /* Resources */ = {
			isa = PBXResourcesBuildPhase;
			buildActionMask = 2147483647;
			files = (
				0D0F2BE925C0D8C70005034B /* GoogleService-Info.plist in Resources */,
			);
			runOnlyForDeploymentPostprocessing = 0;
		};
/* End PBXResourcesBuildPhase section */

/* Begin PBXShellScriptBuildPhase section */
		0CD6F05722AAC2D1E4F88A99 /* [CP] Check Pods Manifest.lock */ = {
			isa = PBXShellScriptBuildPhase;
			buildActionMask = 2147483647;
			files = (
			);
			inputFileListPaths = (
			);
			inputPaths = (
				"${PODS_PODFILE_DIR_PATH}/Podfile.lock",
				"${PODS_ROOT}/Manifest.lock",
			);
			name = "[CP] Check Pods Manifest.lock";
			outputFileListPaths = (
			);
			outputPaths = (
				"$(DERIVED_FILE_DIR)/Pods-WagChat-WagChatUITests-checkManifestLockResult.txt",
			);
			runOnlyForDeploymentPostprocessing = 0;
			shellPath = /bin/sh;
			shellScript = "diff \"${PODS_PODFILE_DIR_PATH}/Podfile.lock\" \"${PODS_ROOT}/Manifest.lock\" > /dev/null\nif [ $? != 0 ] ; then\n    # print error to STDERR\n    echo \"error: The sandbox is not in sync with the Podfile.lock. Run 'pod install' or update your CocoaPods installation.\" >&2\n    exit 1\nfi\n# This output is used by Xcode 'outputs' to avoid re-running this script phase.\necho \"SUCCESS\" > \"${SCRIPT_OUTPUT_FILE_0}\"\n";
			showEnvVarsInLog = 0;
		};
		5CC4C37E64C18CEE65CF7600 /* [CP] Check Pods Manifest.lock */ = {
			isa = PBXShellScriptBuildPhase;
			buildActionMask = 2147483647;
			files = (
			);
			inputFileListPaths = (
			);
			inputPaths = (
				"${PODS_PODFILE_DIR_PATH}/Podfile.lock",
				"${PODS_ROOT}/Manifest.lock",
			);
			name = "[CP] Check Pods Manifest.lock";
			outputFileListPaths = (
			);
			outputPaths = (
				"$(DERIVED_FILE_DIR)/Pods-WagChat-checkManifestLockResult.txt",
			);
			runOnlyForDeploymentPostprocessing = 0;
			shellPath = /bin/sh;
			shellScript = "diff \"${PODS_PODFILE_DIR_PATH}/Podfile.lock\" \"${PODS_ROOT}/Manifest.lock\" > /dev/null\nif [ $? != 0 ] ; then\n    # print error to STDERR\n    echo \"error: The sandbox is not in sync with the Podfile.lock. Run 'pod install' or update your CocoaPods installation.\" >&2\n    exit 1\nfi\n# This output is used by Xcode 'outputs' to avoid re-running this script phase.\necho \"SUCCESS\" > \"${SCRIPT_OUTPUT_FILE_0}\"\n";
			showEnvVarsInLog = 0;
		};
		734F27A673026B0D3BB02E2F /* [CP] Embed Pods Frameworks */ = {
			isa = PBXShellScriptBuildPhase;
			buildActionMask = 2147483647;
			files = (
			);
			inputFileListPaths = (
				"${PODS_ROOT}/Target Support Files/Pods-WagChat-WagChatUITests/Pods-WagChat-WagChatUITests-frameworks-${CONFIGURATION}-input-files.xcfilelist",
			);
			name = "[CP] Embed Pods Frameworks";
			outputFileListPaths = (
				"${PODS_ROOT}/Target Support Files/Pods-WagChat-WagChatUITests/Pods-WagChat-WagChatUITests-frameworks-${CONFIGURATION}-output-files.xcfilelist",
			);
			runOnlyForDeploymentPostprocessing = 0;
			shellPath = /bin/sh;
			shellScript = "\"${PODS_ROOT}/Target Support Files/Pods-WagChat-WagChatUITests/Pods-WagChat-WagChatUITests-frameworks.sh\"\n";
			showEnvVarsInLog = 0;
		};
		D52F1B2E7EA8F4E11ADAECB5 /* [CP] Embed Pods Frameworks */ = {
			isa = PBXShellScriptBuildPhase;
			buildActionMask = 2147483647;
			files = (
			);
			inputFileListPaths = (
				"${PODS_ROOT}/Target Support Files/Pods-WagChat/Pods-WagChat-frameworks-${CONFIGURATION}-input-files.xcfilelist",
			);
			name = "[CP] Embed Pods Frameworks";
			outputFileListPaths = (
				"${PODS_ROOT}/Target Support Files/Pods-WagChat/Pods-WagChat-frameworks-${CONFIGURATION}-output-files.xcfilelist",
			);
			runOnlyForDeploymentPostprocessing = 0;
			shellPath = /bin/sh;
			shellScript = "\"${PODS_ROOT}/Target Support Files/Pods-WagChat/Pods-WagChat-frameworks.sh\"\n";
			showEnvVarsInLog = 0;
		};
		F4B44FFF146E5A8299D0B30E /* [CP] Check Pods Manifest.lock */ = {
			isa = PBXShellScriptBuildPhase;
			buildActionMask = 2147483647;
			files = (
			);
			inputFileListPaths = (
			);
			inputPaths = (
				"${PODS_PODFILE_DIR_PATH}/Podfile.lock",
				"${PODS_ROOT}/Manifest.lock",
			);
			name = "[CP] Check Pods Manifest.lock";
			outputFileListPaths = (
			);
			outputPaths = (
				"$(DERIVED_FILE_DIR)/Pods-WagChatTests-checkManifestLockResult.txt",
			);
			runOnlyForDeploymentPostprocessing = 0;
			shellPath = /bin/sh;
			shellScript = "diff \"${PODS_PODFILE_DIR_PATH}/Podfile.lock\" \"${PODS_ROOT}/Manifest.lock\" > /dev/null\nif [ $? != 0 ] ; then\n    # print error to STDERR\n    echo \"error: The sandbox is not in sync with the Podfile.lock. Run 'pod install' or update your CocoaPods installation.\" >&2\n    exit 1\nfi\n# This output is used by Xcode 'outputs' to avoid re-running this script phase.\necho \"SUCCESS\" > \"${SCRIPT_OUTPUT_FILE_0}\"\n";
			showEnvVarsInLog = 0;
		};
/* End PBXShellScriptBuildPhase section */

/* Begin PBXSourcesBuildPhase section */
		0D0F2B2E25C083160005034B /* Sources */ = {
			isa = PBXSourcesBuildPhase;
			buildActionMask = 2147483647;
			files = (
				0D0F2C9E25C4B26A0005034B /* Chat.swift in Sources */,
				0D0F2B3A25C083160005034B /* ViewController.swift in Sources */,
				0D0F2B3625C083160005034B /* AppDelegate.swift in Sources */,
				0D0F2C9425C4B2240005034B /* ChatViewController.swift in Sources */,
				0D0F2C7125C3A7840005034B /* ChatsViewController.swift in Sources */,
				0D0F2B6925C08FA30005034B /* SignUpViewController.swift in Sources */,
				0D0F2B6E25C08FBE0005034B /* LogInViewController.swift in Sources */,
				0D0F2B3825C083160005034B /* SceneDelegate.swift in Sources */,
				0D0F2B7325C08FCE0005034B /* HomeViewController.swift in Sources */,
				0D0F2C4125C114560005034B /* Utilities.swift in Sources */,
				0D0F2C9925C4B24E0005034B /* Message.swift in Sources */,
				0D0F2C6625C34C990005034B /* ProfileViewController.swift in Sources */,
				0D0F2BF125C0DF380005034B /* Constants.swift in Sources */,
			);
			runOnlyForDeploymentPostprocessing = 0;
		};
		0D0F2B4425C0831B0005034B /* Sources */ = {
			isa = PBXSourcesBuildPhase;
			buildActionMask = 2147483647;
			files = (
				0D0F2B4D25C0831B0005034B /* WagChatTests.swift in Sources */,
			);
			runOnlyForDeploymentPostprocessing = 0;
		};
		0D0F2B4F25C0831B0005034B /* Sources */ = {
			isa = PBXSourcesBuildPhase;
			buildActionMask = 2147483647;
			files = (
				0D0F2B5825C0831B0005034B /* WagChatUITests.swift in Sources */,
			);
			runOnlyForDeploymentPostprocessing = 0;
		};
/* End PBXSourcesBuildPhase section */

/* Begin PBXTargetDependency section */
		0D0F2B4A25C0831B0005034B /* PBXTargetDependency */ = {
			isa = PBXTargetDependency;
			target = 0D0F2B3125C083160005034B /* WagChat */;
			targetProxy = 0D0F2B4925C0831B0005034B /* PBXContainerItemProxy */;
		};
		0D0F2B5525C0831B0005034B /* PBXTargetDependency */ = {
			isa = PBXTargetDependency;
			target = 0D0F2B3125C083160005034B /* WagChat */;
			targetProxy = 0D0F2B5425C0831B0005034B /* PBXContainerItemProxy */;
		};
/* End PBXTargetDependency section */

/* Begin PBXVariantGroup section */
		0D0F2B3B25C083160005034B /* Main.storyboard */ = {
			isa = PBXVariantGroup;
			children = (
				0D0F2B3C25C083160005034B /* Base */,
			);
			name = Main.storyboard;
			sourceTree = "<group>";
		};
		0D0F2B4025C0831A0005034B /* LaunchScreen.storyboard */ = {
			isa = PBXVariantGroup;
			children = (
				0D0F2B4125C0831A0005034B /* Base */,
			);
			name = LaunchScreen.storyboard;
			sourceTree = "<group>";
		};
/* End PBXVariantGroup section */

/* Begin XCBuildConfiguration section */
		0D0F2B5A25C0831B0005034B /* Debug */ = {
			isa = XCBuildConfiguration;
			buildSettings = {
				ALWAYS_SEARCH_USER_PATHS = NO;
				CLANG_ANALYZER_NONNULL = YES;
				CLANG_ANALYZER_NUMBER_OBJECT_CONVERSION = YES_AGGRESSIVE;
				CLANG_CXX_LANGUAGE_STANDARD = "gnu++14";
				CLANG_CXX_LIBRARY = "libc++";
				CLANG_ENABLE_MODULES = YES;
				CLANG_ENABLE_OBJC_ARC = YES;
				CLANG_ENABLE_OBJC_WEAK = YES;
				CLANG_WARN_BLOCK_CAPTURE_AUTORELEASING = YES;
				CLANG_WARN_BOOL_CONVERSION = YES;
				CLANG_WARN_COMMA = YES;
				CLANG_WARN_CONSTANT_CONVERSION = YES;
				CLANG_WARN_DEPRECATED_OBJC_IMPLEMENTATIONS = YES;
				CLANG_WARN_DIRECT_OBJC_ISA_USAGE = YES_ERROR;
				CLANG_WARN_DOCUMENTATION_COMMENTS = YES;
				CLANG_WARN_EMPTY_BODY = YES;
				CLANG_WARN_ENUM_CONVERSION = YES;
				CLANG_WARN_INFINITE_RECURSION = YES;
				CLANG_WARN_INT_CONVERSION = YES;
				CLANG_WARN_NON_LITERAL_NULL_CONVERSION = YES;
				CLANG_WARN_OBJC_IMPLICIT_RETAIN_SELF = YES;
				CLANG_WARN_OBJC_LITERAL_CONVERSION = YES;
				CLANG_WARN_OBJC_ROOT_CLASS = YES_ERROR;
				CLANG_WARN_QUOTED_INCLUDE_IN_FRAMEWORK_HEADER = YES;
				CLANG_WARN_RANGE_LOOP_ANALYSIS = YES;
				CLANG_WARN_STRICT_PROTOTYPES = YES;
				CLANG_WARN_SUSPICIOUS_MOVE = YES;
				CLANG_WARN_UNGUARDED_AVAILABILITY = YES_AGGRESSIVE;
				CLANG_WARN_UNREACHABLE_CODE = YES;
				CLANG_WARN__DUPLICATE_METHOD_MATCH = YES;
				COPY_PHASE_STRIP = NO;
				DEBUG_INFORMATION_FORMAT = dwarf;
				ENABLE_STRICT_OBJC_MSGSEND = YES;
				ENABLE_TESTABILITY = YES;
				GCC_C_LANGUAGE_STANDARD = gnu11;
				GCC_DYNAMIC_NO_PIC = NO;
				GCC_NO_COMMON_BLOCKS = YES;
				GCC_OPTIMIZATION_LEVEL = 0;
				GCC_PREPROCESSOR_DEFINITIONS = (
					"DEBUG=1",
					"$(inherited)",
				);
				GCC_WARN_64_TO_32_BIT_CONVERSION = YES;
				GCC_WARN_ABOUT_RETURN_TYPE = YES_ERROR;
				GCC_WARN_UNDECLARED_SELECTOR = YES;
				GCC_WARN_UNINITIALIZED_AUTOS = YES_AGGRESSIVE;
				GCC_WARN_UNUSED_FUNCTION = YES;
				GCC_WARN_UNUSED_VARIABLE = YES;
				IPHONEOS_DEPLOYMENT_TARGET = 14.3;
				MTL_ENABLE_DEBUG_INFO = INCLUDE_SOURCE;
				MTL_FAST_MATH = YES;
				ONLY_ACTIVE_ARCH = YES;
				SDKROOT = iphoneos;
				SWIFT_ACTIVE_COMPILATION_CONDITIONS = DEBUG;
				SWIFT_OPTIMIZATION_LEVEL = "-Onone";
			};
			name = Debug;
		};
		0D0F2B5B25C0831B0005034B /* Release */ = {
			isa = XCBuildConfiguration;
			buildSettings = {
				ALWAYS_SEARCH_USER_PATHS = NO;
				CLANG_ANALYZER_NONNULL = YES;
				CLANG_ANALYZER_NUMBER_OBJECT_CONVERSION = YES_AGGRESSIVE;
				CLANG_CXX_LANGUAGE_STANDARD = "gnu++14";
				CLANG_CXX_LIBRARY = "libc++";
				CLANG_ENABLE_MODULES = YES;
				CLANG_ENABLE_OBJC_ARC = YES;
				CLANG_ENABLE_OBJC_WEAK = YES;
				CLANG_WARN_BLOCK_CAPTURE_AUTORELEASING = YES;
				CLANG_WARN_BOOL_CONVERSION = YES;
				CLANG_WARN_COMMA = YES;
				CLANG_WARN_CONSTANT_CONVERSION = YES;
				CLANG_WARN_DEPRECATED_OBJC_IMPLEMENTATIONS = YES;
				CLANG_WARN_DIRECT_OBJC_ISA_USAGE = YES_ERROR;
				CLANG_WARN_DOCUMENTATION_COMMENTS = YES;
				CLANG_WARN_EMPTY_BODY = YES;
				CLANG_WARN_ENUM_CONVERSION = YES;
				CLANG_WARN_INFINITE_RECURSION = YES;
				CLANG_WARN_INT_CONVERSION = YES;
				CLANG_WARN_NON_LITERAL_NULL_CONVERSION = YES;
				CLANG_WARN_OBJC_IMPLICIT_RETAIN_SELF = YES;
				CLANG_WARN_OBJC_LITERAL_CONVERSION = YES;
				CLANG_WARN_OBJC_ROOT_CLASS = YES_ERROR;
				CLANG_WARN_QUOTED_INCLUDE_IN_FRAMEWORK_HEADER = YES;
				CLANG_WARN_RANGE_LOOP_ANALYSIS = YES;
				CLANG_WARN_STRICT_PROTOTYPES = YES;
				CLANG_WARN_SUSPICIOUS_MOVE = YES;
				CLANG_WARN_UNGUARDED_AVAILABILITY = YES_AGGRESSIVE;
				CLANG_WARN_UNREACHABLE_CODE = YES;
				CLANG_WARN__DUPLICATE_METHOD_MATCH = YES;
				COPY_PHASE_STRIP = NO;
				DEBUG_INFORMATION_FORMAT = "dwarf-with-dsym";
				ENABLE_NS_ASSERTIONS = NO;
				ENABLE_STRICT_OBJC_MSGSEND = YES;
				GCC_C_LANGUAGE_STANDARD = gnu11;
				GCC_NO_COMMON_BLOCKS = YES;
				GCC_WARN_64_TO_32_BIT_CONVERSION = YES;
				GCC_WARN_ABOUT_RETURN_TYPE = YES_ERROR;
				GCC_WARN_UNDECLARED_SELECTOR = YES;
				GCC_WARN_UNINITIALIZED_AUTOS = YES_AGGRESSIVE;
				GCC_WARN_UNUSED_FUNCTION = YES;
				GCC_WARN_UNUSED_VARIABLE = YES;
				IPHONEOS_DEPLOYMENT_TARGET = 14.3;
				MTL_ENABLE_DEBUG_INFO = NO;
				MTL_FAST_MATH = YES;
				SDKROOT = iphoneos;
				SWIFT_COMPILATION_MODE = wholemodule;
				SWIFT_OPTIMIZATION_LEVEL = "-O";
				VALIDATE_PRODUCT = YES;
			};
			name = Release;
		};
		0D0F2B5D25C0831B0005034B /* Debug */ = {
			isa = XCBuildConfiguration;
			baseConfigurationReference = 9A762D282AADE080AC4ACC69 /* Pods-WagChat.debug.xcconfig */;
			buildSettings = {
				ASSETCATALOG_COMPILER_APPICON_NAME = AppIcon;
				ASSETCATALOG_COMPILER_GLOBAL_ACCENT_COLOR_NAME = AccentColor;
				CODE_SIGN_STYLE = Automatic;
				DEVELOPMENT_TEAM = 3B5N965W9K;
				INFOPLIST_FILE = WagChat/Info.plist;
				LD_RUNPATH_SEARCH_PATHS = (
					"$(inherited)",
					"@executable_path/Frameworks",
				);
				PRODUCT_BUNDLE_IDENTIFIER = "Ada-Dev.WagChat";
				PRODUCT_NAME = "$(TARGET_NAME)";
				SWIFT_VERSION = 5.0;
				TARGETED_DEVICE_FAMILY = "1,2";
			};
			name = Debug;
		};
		0D0F2B5E25C0831B0005034B /* Release */ = {
			isa = XCBuildConfiguration;
			baseConfigurationReference = 6150E9242B2C7D9CD7897DA7 /* Pods-WagChat.release.xcconfig */;
			buildSettings = {
				ASSETCATALOG_COMPILER_APPICON_NAME = AppIcon;
				ASSETCATALOG_COMPILER_GLOBAL_ACCENT_COLOR_NAME = AccentColor;
				CODE_SIGN_STYLE = Automatic;
				DEVELOPMENT_TEAM = 3B5N965W9K;
				INFOPLIST_FILE = WagChat/Info.plist;
				LD_RUNPATH_SEARCH_PATHS = (
					"$(inherited)",
					"@executable_path/Frameworks",
				);
				PRODUCT_BUNDLE_IDENTIFIER = "Ada-Dev.WagChat";
				PRODUCT_NAME = "$(TARGET_NAME)";
				SWIFT_VERSION = 5.0;
				TARGETED_DEVICE_FAMILY = "1,2";
			};
			name = Release;
		};
		0D0F2B6025C0831B0005034B /* Debug */ = {
			isa = XCBuildConfiguration;
			baseConfigurationReference = F06910C81583AF615B4A1BDB /* Pods-WagChatTests.debug.xcconfig */;
			buildSettings = {
				ALWAYS_EMBED_SWIFT_STANDARD_LIBRARIES = YES;
				BUNDLE_LOADER = "$(TEST_HOST)";
				CODE_SIGN_STYLE = Automatic;
				DEVELOPMENT_TEAM = 3B5N965W9K;
				INFOPLIST_FILE = WagChatTests/Info.plist;
				IPHONEOS_DEPLOYMENT_TARGET = 14.3;
				LD_RUNPATH_SEARCH_PATHS = (
					"$(inherited)",
					"@executable_path/Frameworks",
					"@loader_path/Frameworks",
				);
				PRODUCT_BUNDLE_IDENTIFIER = "Ada-Dev.WagChatTests";
				PRODUCT_NAME = "$(TARGET_NAME)";
				SWIFT_VERSION = 5.0;
				TARGETED_DEVICE_FAMILY = "1,2";
				TEST_HOST = "$(BUILT_PRODUCTS_DIR)/WagChat.app/WagChat";
			};
			name = Debug;
		};
		0D0F2B6125C0831B0005034B /* Release */ = {
			isa = XCBuildConfiguration;
			baseConfigurationReference = 92F435ED2360D1578EA2AD4C /* Pods-WagChatTests.release.xcconfig */;
			buildSettings = {
				ALWAYS_EMBED_SWIFT_STANDARD_LIBRARIES = YES;
				BUNDLE_LOADER = "$(TEST_HOST)";
				CODE_SIGN_STYLE = Automatic;
				DEVELOPMENT_TEAM = 3B5N965W9K;
				INFOPLIST_FILE = WagChatTests/Info.plist;
				IPHONEOS_DEPLOYMENT_TARGET = 14.3;
				LD_RUNPATH_SEARCH_PATHS = (
					"$(inherited)",
					"@executable_path/Frameworks",
					"@loader_path/Frameworks",
				);
				PRODUCT_BUNDLE_IDENTIFIER = "Ada-Dev.WagChatTests";
				PRODUCT_NAME = "$(TARGET_NAME)";
				SWIFT_VERSION = 5.0;
				TARGETED_DEVICE_FAMILY = "1,2";
				TEST_HOST = "$(BUILT_PRODUCTS_DIR)/WagChat.app/WagChat";
			};
			name = Release;
		};
		0D0F2B6325C0831B0005034B /* Debug */ = {
			isa = XCBuildConfiguration;
			baseConfigurationReference = ED81A690D8D33F372122D7A3 /* Pods-WagChat-WagChatUITests.debug.xcconfig */;
			buildSettings = {
				ALWAYS_EMBED_SWIFT_STANDARD_LIBRARIES = YES;
				CODE_SIGN_STYLE = Automatic;
				DEVELOPMENT_TEAM = 3B5N965W9K;
				INFOPLIST_FILE = WagChatUITests/Info.plist;
				LD_RUNPATH_SEARCH_PATHS = (
					"$(inherited)",
					"@executable_path/Frameworks",
					"@loader_path/Frameworks",
				);
				PRODUCT_BUNDLE_IDENTIFIER = "Ada-Dev.WagChatUITests";
				PRODUCT_NAME = "$(TARGET_NAME)";
				SWIFT_VERSION = 5.0;
				TARGETED_DEVICE_FAMILY = "1,2";
				TEST_TARGET_NAME = WagChat;
			};
			name = Debug;
		};
		0D0F2B6425C0831B0005034B /* Release */ = {
			isa = XCBuildConfiguration;
			baseConfigurationReference = 8156C62A4604983120AEC266 /* Pods-WagChat-WagChatUITests.release.xcconfig */;
			buildSettings = {
				ALWAYS_EMBED_SWIFT_STANDARD_LIBRARIES = YES;
				CODE_SIGN_STYLE = Automatic;
				DEVELOPMENT_TEAM = 3B5N965W9K;
				INFOPLIST_FILE = WagChatUITests/Info.plist;
				LD_RUNPATH_SEARCH_PATHS = (
					"$(inherited)",
					"@executable_path/Frameworks",
					"@loader_path/Frameworks",
				);
				PRODUCT_BUNDLE_IDENTIFIER = "Ada-Dev.WagChatUITests";
				PRODUCT_NAME = "$(TARGET_NAME)";
				SWIFT_VERSION = 5.0;
				TARGETED_DEVICE_FAMILY = "1,2";
				TEST_TARGET_NAME = WagChat;
			};
			name = Release;
		};
/* End XCBuildConfiguration section */

/* Begin XCConfigurationList section */
		0D0F2B2D25C083160005034B /* Build configuration list for PBXProject "WagChat" */ = {
			isa = XCConfigurationList;
			buildConfigurations = (
				0D0F2B5A25C0831B0005034B /* Debug */,
				0D0F2B5B25C0831B0005034B /* Release */,
			);
			defaultConfigurationIsVisible = 0;
			defaultConfigurationName = Release;
		};
		0D0F2B5C25C0831B0005034B /* Build configuration list for PBXNativeTarget "WagChat" */ = {
			isa = XCConfigurationList;
			buildConfigurations = (
				0D0F2B5D25C0831B0005034B /* Debug */,
				0D0F2B5E25C0831B0005034B /* Release */,
			);
			defaultConfigurationIsVisible = 0;
			defaultConfigurationName = Release;
		};
		0D0F2B5F25C0831B0005034B /* Build configuration list for PBXNativeTarget "WagChatTests" */ = {
			isa = XCConfigurationList;
			buildConfigurations = (
				0D0F2B6025C0831B0005034B /* Debug */,
				0D0F2B6125C0831B0005034B /* Release */,
			);
			defaultConfigurationIsVisible = 0;
			defaultConfigurationName = Release;
		};
		0D0F2B6225C0831B0005034B /* Build configuration list for PBXNativeTarget "WagChatUITests" */ = {
			isa = XCConfigurationList;
			buildConfigurations = (
				0D0F2B6325C0831B0005034B /* Debug */,
				0D0F2B6425C0831B0005034B /* Release */,
			);
			defaultConfigurationIsVisible = 0;
			defaultConfigurationName = Release;
		};
/* End XCConfigurationList section */
	};
	rootObject = 0D0F2B2A25C083160005034B /* Project object */;
}
